{
    "name": "project-setup-wizard",
    "version": "1.0.0",
    "lockfileVersion": 3,
    "requires": true,
    "packages": {
        "": {
            "name": "project-setup-wizard",
            "version": "1.0.0",
            "license": "MIT",
            "bin": {
                "project-wizard": "wizard.js",
                "setup-project": "wizard.js"
            },
            "engines": {
                "node": ">=22.0.0"
            }
        }
    }
}
